
Microsoft Visual Studio Solution File, Format Version 12.00
# Visual Studio 15
VisualStudioVersion = 15.0.27703.2035
MinimumVisualStudioVersion = 10.0.40219.1
Project("{8BC9CEB8-8B4A-11D0-8D11-00A0C91BC942}") = "01_Two_Sum", "01_Two_Sum\01_Two_Sum.vcxproj", "{A7E6BAC2-F89D-47AF-B117-111B7D03A245}"
EndProject
Project("{8BC9CEB8-8B4A-11D0-8D11-00A0C91BC942}") = "02_Add_Two_Numbers", "01_Add_Two_Numbers\01_Add_Two_Numbers.vcxproj", "{60E46C4C-59A0-4780-B447-C991BAF16725}"
EndProject
Global
	GlobalSection(SolutionConfigurationPlatforms) = preSolution
		Debug|x64 = Debug|x64
		Debug|x86 = Debug|x86
		Release|x64 = Release|x64
		Release|x86 = Release|x86
	EndGlobalSection
	GlobalSection(ProjectConfigurationPlatforms) = postSolution
		{A7E6BAC2-F89D-47AF-B117-111B7D03A245}.Debug|x64.ActiveCfg = Debug|x64
		{A7E6BAC2-F89D-47AF-B117-111B7D03A245}.Debug|x64.Build.0 = Debug|x64
		{A7E6BAC2-F89D-47AF-B117-111B7D03A245}.Debug|x86.ActiveCfg = Debug|Win32
		{A7E6BAC2-F89D-47AF-B117-111B7D03A245}.Debug|x86.Build.0 = Debug|Win32
		{A7E6BAC2-F89D-47AF-B117-111B7D03A245}.Release|x64.ActiveCfg = Release|x64
		{A7E6BAC2-F89D-47AF-B117-111B7D03A245}.Release|x64.Build.0 = Release|x64
		{A7E6BAC2-F89D-47AF-B117-111B7D03A245}.Release|x86.ActiveCfg = Release|Win32
		{A7E6BAC2-F89D-47AF-B117-111B7D03A245}.Release|x86.Build.0 = Release|Win32
		{60E46C4C-59A0-4780-B447-C991BAF16725}.Debug|x64.ActiveCfg = Debug|x64
		{60E46C4C-59A0-4780-B447-C991BAF16725}.Debug|x64.Build.0 = Debug|x64
		{60E46C4C-59A0-4780-B447-C991BAF16725}.Debug|x86.ActiveCfg = Debug|Win32
		{60E46C4C-59A0-4780-B447-C991BAF16725}.Debug|x86.Build.0 = Debug|Win32
		{60E46C4C-59A0-4780-B447-C991BAF16725}.Release|x64.ActiveCfg = Release|x64
		{60E46C4C-59A0-4780-B447-C991BAF16725}.Release|x64.Build.0 = Release|x64
		{60E46C4C-59A0-4780-B447-C991BAF16725}.Release|x86.ActiveCfg = Release|Win32
		{60E46C4C-59A0-4780-B447-C991BAF16725}.Release|x86.Build.0 = Release|Win32
	EndGlobalSection
	GlobalSection(SolutionProperties) = preSolution
		HideSolutionNode = FALSE
	EndGlobalSection
	GlobalSection(ExtensibilityGlobals) = postSolution
		SolutionGuid = {6FDC2E54-3CEA-40EA-8283-844E047B92B0}
	EndGlobalSection
EndGlobal
