
Microsoft Visual Studio Solution File, Format Version 12.00
# Visual Studio 15
VisualStudioVersion = 15.0.27703.2035
MinimumVisualStudioVersion = 10.0.40219.1
Project("{8BC9CEB8-8B4A-11D0-8D11-00A0C91BC942}") = "01_Two_Sum", "01_Two_Sum\01_Two_Sum.vcxproj", "{A7E6BAC2-F89D-47AF-B117-111B7D03A245}"
EndProject
Project("{8BC9CEB8-8B4A-11D0-8D11-00A0C91BC942}") = "02_Add_Two_Numbers", "02_Add_Two_Numbers\02_Add_Two_Numbers.vcxproj", "{49651CD0-0B2F-4A30-ABF3-39EED0AEB610}"
EndProject
Project("{8BC9CEB8-8B4A-11D0-8D11-00A0C91BC942}") = "03_Longest_Substring_Without_Repeating_Characters", "03_Longest_Substring_Without_Repeating_Characters\03_Longest_Substring_Without_Repeating_Characters.vcxproj", "{BE6CB3CE-6C06-4FF4-BCC4-8B1BD1DD5FB8}"
EndProject
Project("{8BC9CEB8-8B4A-11D0-8D11-00A0C91BC942}") = "07_Reverse_Interger", "07_Reverse_Interger\07_Reverse_Interger.vcxproj", "{81E72196-5636-4170-80B6-24577A2D9A80}"
EndProject
Project("{8BC9CEB8-8B4A-11D0-8D11-00A0C91BC942}") = "09_Palindrome_Number", "09_Palindrome_Number\09_Palindrome_Number.vcxproj", "{BCA50B2B-86CD-4876-A6A3-6238E6A28CE1}"
EndProject
Project("{8BC9CEB8-8B4A-11D0-8D11-00A0C91BC942}") = "13_Roman_to_Integer", "13_Roman_to_Integer\13_Roman_to_Integer.vcxproj", "{D85DFFE5-2682-4647-B4BD-C41ABD5D2E01}"
EndProject
Project("{8BC9CEB8-8B4A-11D0-8D11-00A0C91BC942}") = "14_Longest_Common_Prefix", "14_Longest_Common_Prefix\14_Longest_Common_Prefix.vcxproj", "{B40633CD-4ADF-4B84-A7F7-EECB295A130B}"
EndProject
Project("{8BC9CEB8-8B4A-11D0-8D11-00A0C91BC942}") = "20_Valid_Parentheses", "20_Valid_Parentheses\20_Valid_Parentheses.vcxproj", "{6C5AAC59-C17C-4E43-9ED5-5E911F918F6F}"
EndProject
Global
	GlobalSection(SolutionConfigurationPlatforms) = preSolution
		Debug|x64 = Debug|x64
		Debug|x86 = Debug|x86
		Release|x64 = Release|x64
		Release|x86 = Release|x86
	EndGlobalSection
	GlobalSection(ProjectConfigurationPlatforms) = postSolution
		{A7E6BAC2-F89D-47AF-B117-111B7D03A245}.Debug|x64.ActiveCfg = Debug|x64
		{A7E6BAC2-F89D-47AF-B117-111B7D03A245}.Debug|x64.Build.0 = Debug|x64
		{A7E6BAC2-F89D-47AF-B117-111B7D03A245}.Debug|x86.ActiveCfg = Debug|Win32
		{A7E6BAC2-F89D-47AF-B117-111B7D03A245}.Debug|x86.Build.0 = Debug|Win32
		{A7E6BAC2-F89D-47AF-B117-111B7D03A245}.Release|x64.ActiveCfg = Release|x64
		{A7E6BAC2-F89D-47AF-B117-111B7D03A245}.Release|x64.Build.0 = Release|x64
		{A7E6BAC2-F89D-47AF-B117-111B7D03A245}.Release|x86.ActiveCfg = Release|Win32
		{A7E6BAC2-F89D-47AF-B117-111B7D03A245}.Release|x86.Build.0 = Release|Win32
		{49651CD0-0B2F-4A30-ABF3-39EED0AEB610}.Debug|x64.ActiveCfg = Debug|x64
		{49651CD0-0B2F-4A30-ABF3-39EED0AEB610}.Debug|x64.Build.0 = Debug|x64
		{49651CD0-0B2F-4A30-ABF3-39EED0AEB610}.Debug|x86.ActiveCfg = Debug|Win32
		{49651CD0-0B2F-4A30-ABF3-39EED0AEB610}.Debug|x86.Build.0 = Debug|Win32
		{49651CD0-0B2F-4A30-ABF3-39EED0AEB610}.Release|x64.ActiveCfg = Release|x64
		{49651CD0-0B2F-4A30-ABF3-39EED0AEB610}.Release|x64.Build.0 = Release|x64
		{49651CD0-0B2F-4A30-ABF3-39EED0AEB610}.Release|x86.ActiveCfg = Release|Win32
		{49651CD0-0B2F-4A30-ABF3-39EED0AEB610}.Release|x86.Build.0 = Release|Win32
		{BE6CB3CE-6C06-4FF4-BCC4-8B1BD1DD5FB8}.Debug|x64.ActiveCfg = Debug|x64
		{BE6CB3CE-6C06-4FF4-BCC4-8B1BD1DD5FB8}.Debug|x64.Build.0 = Debug|x64
		{BE6CB3CE-6C06-4FF4-BCC4-8B1BD1DD5FB8}.Debug|x86.ActiveCfg = Debug|Win32
		{BE6CB3CE-6C06-4FF4-BCC4-8B1BD1DD5FB8}.Debug|x86.Build.0 = Debug|Win32
		{BE6CB3CE-6C06-4FF4-BCC4-8B1BD1DD5FB8}.Release|x64.ActiveCfg = Release|x64
		{BE6CB3CE-6C06-4FF4-BCC4-8B1BD1DD5FB8}.Release|x64.Build.0 = Release|x64
		{BE6CB3CE-6C06-4FF4-BCC4-8B1BD1DD5FB8}.Release|x86.ActiveCfg = Release|Win32
		{BE6CB3CE-6C06-4FF4-BCC4-8B1BD1DD5FB8}.Release|x86.Build.0 = Release|Win32
		{81E72196-5636-4170-80B6-24577A2D9A80}.Debug|x64.ActiveCfg = Debug|x64
		{81E72196-5636-4170-80B6-24577A2D9A80}.Debug|x64.Build.0 = Debug|x64
		{81E72196-5636-4170-80B6-24577A2D9A80}.Debug|x86.ActiveCfg = Debug|Win32
		{81E72196-5636-4170-80B6-24577A2D9A80}.Debug|x86.Build.0 = Debug|Win32
		{81E72196-5636-4170-80B6-24577A2D9A80}.Release|x64.ActiveCfg = Release|x64
		{81E72196-5636-4170-80B6-24577A2D9A80}.Release|x64.Build.0 = Release|x64
		{81E72196-5636-4170-80B6-24577A2D9A80}.Release|x86.ActiveCfg = Release|Win32
		{81E72196-5636-4170-80B6-24577A2D9A80}.Release|x86.Build.0 = Release|Win32
		{BCA50B2B-86CD-4876-A6A3-6238E6A28CE1}.Debug|x64.ActiveCfg = Debug|x64
		{BCA50B2B-86CD-4876-A6A3-6238E6A28CE1}.Debug|x64.Build.0 = Debug|x64
		{BCA50B2B-86CD-4876-A6A3-6238E6A28CE1}.Debug|x86.ActiveCfg = Debug|Win32
		{BCA50B2B-86CD-4876-A6A3-6238E6A28CE1}.Debug|x86.Build.0 = Debug|Win32
		{BCA50B2B-86CD-4876-A6A3-6238E6A28CE1}.Release|x64.ActiveCfg = Release|x64
		{BCA50B2B-86CD-4876-A6A3-6238E6A28CE1}.Release|x64.Build.0 = Release|x64
		{BCA50B2B-86CD-4876-A6A3-6238E6A28CE1}.Release|x86.ActiveCfg = Release|Win32
		{BCA50B2B-86CD-4876-A6A3-6238E6A28CE1}.Release|x86.Build.0 = Release|Win32
		{D85DFFE5-2682-4647-B4BD-C41ABD5D2E01}.Debug|x64.ActiveCfg = Debug|x64
		{D85DFFE5-2682-4647-B4BD-C41ABD5D2E01}.Debug|x64.Build.0 = Debug|x64
		{D85DFFE5-2682-4647-B4BD-C41ABD5D2E01}.Debug|x86.ActiveCfg = Debug|Win32
		{D85DFFE5-2682-4647-B4BD-C41ABD5D2E01}.Debug|x86.Build.0 = Debug|Win32
		{D85DFFE5-2682-4647-B4BD-C41ABD5D2E01}.Release|x64.ActiveCfg = Release|x64
		{D85DFFE5-2682-4647-B4BD-C41ABD5D2E01}.Release|x64.Build.0 = Release|x64
		{D85DFFE5-2682-4647-B4BD-C41ABD5D2E01}.Release|x86.ActiveCfg = Release|Win32
		{D85DFFE5-2682-4647-B4BD-C41ABD5D2E01}.Release|x86.Build.0 = Release|Win32
		{B40633CD-4ADF-4B84-A7F7-EECB295A130B}.Debug|x64.ActiveCfg = Debug|x64
		{B40633CD-4ADF-4B84-A7F7-EECB295A130B}.Debug|x64.Build.0 = Debug|x64
		{B40633CD-4ADF-4B84-A7F7-EECB295A130B}.Debug|x86.ActiveCfg = Debug|Win32
		{B40633CD-4ADF-4B84-A7F7-EECB295A130B}.Debug|x86.Build.0 = Debug|Win32
		{B40633CD-4ADF-4B84-A7F7-EECB295A130B}.Release|x64.ActiveCfg = Release|x64
		{B40633CD-4ADF-4B84-A7F7-EECB295A130B}.Release|x64.Build.0 = Release|x64
		{B40633CD-4ADF-4B84-A7F7-EECB295A130B}.Release|x86.ActiveCfg = Release|Win32
		{B40633CD-4ADF-4B84-A7F7-EECB295A130B}.Release|x86.Build.0 = Release|Win32
		{6C5AAC59-C17C-4E43-9ED5-5E911F918F6F}.Debug|x64.ActiveCfg = Debug|x64
		{6C5AAC59-C17C-4E43-9ED5-5E911F918F6F}.Debug|x64.Build.0 = Debug|x64
		{6C5AAC59-C17C-4E43-9ED5-5E911F918F6F}.Debug|x86.ActiveCfg = Debug|Win32
		{6C5AAC59-C17C-4E43-9ED5-5E911F918F6F}.Debug|x86.Build.0 = Debug|Win32
		{6C5AAC59-C17C-4E43-9ED5-5E911F918F6F}.Release|x64.ActiveCfg = Release|x64
		{6C5AAC59-C17C-4E43-9ED5-5E911F918F6F}.Release|x64.Build.0 = Release|x64
		{6C5AAC59-C17C-4E43-9ED5-5E911F918F6F}.Release|x86.ActiveCfg = Release|Win32
		{6C5AAC59-C17C-4E43-9ED5-5E911F918F6F}.Release|x86.Build.0 = Release|Win32
	EndGlobalSection
	GlobalSection(SolutionProperties) = preSolution
		HideSolutionNode = FALSE
	EndGlobalSection
	GlobalSection(ExtensibilityGlobals) = postSolution
		SolutionGuid = {6FDC2E54-3CEA-40EA-8283-844E047B92B0}
	EndGlobalSection
EndGlobal
